
Microsoft Visual Studio Solution File, Format Version 12.00
# Visual Studio Version 16
VisualStudioVersion = 25.0.1706.0
MinimumVisualStudioVersion = 10.0.40219.1
Project("{FAE04EC0-301F-11D3-BF4B-00C04F79EFBC}") = "CoroDr.CatalogAPI", "CoroDr.CatalogAPI.csproj", "{D40F2162-824B-44CE-950C-FEA8D1C4665D}"
EndProject
Global
	GlobalSection(SolutionConfigurationPlatforms) = preSolution
		Debug|Any CPU = Debug|Any CPU
		Release|Any CPU = Release|Any CPU
	EndGlobalSection
	GlobalSection(ProjectConfigurationPlatforms) = postSolution
		{D40F2162-824B-44CE-950C-FEA8D1C4665D}.Debug|Any CPU.ActiveCfg = Debug|Any CPU
		{D40F2162-824B-44CE-950C-FEA8D1C4665D}.Debug|Any CPU.Build.0 = Debug|Any CPU
		{D40F2162-824B-44CE-950C-FEA8D1C4665D}.Release|Any CPU.ActiveCfg = Release|Any CPU
		{D40F2162-824B-44CE-950C-FEA8D1C4665D}.Release|Any CPU.Build.0 = Release|Any CPU
	EndGlobalSection
	GlobalSection(SolutionProperties) = preSolution
		HideSolutionNode = FALSE
	EndGlobalSection
	GlobalSection(ExtensibilityGlobals) = postSolution
		SolutionGuid = {6CC28FE8-5041-4631-A22B-ADCCB4603368}
	EndGlobalSection
EndGlobal
